
Microsoft Visual Studio Solution File, Format Version 10.00
# Visual Studio 2008
Project("{FAE04EC0-301F-11D3-BF4B-00C04F79EFBC}") = "DDDModel", "DDDModel\DDDModel.csproj", "{E180D8E5-165B-4447-907E-D174D0713C69}"
EndProject
Project("{FAE04EC0-301F-11D3-BF4B-00C04F79EFBC}") = "DB.Interface", "DB.Interface\DB.Interface.csproj", "{D4B2040E-AC3D-4E9D-813F-36CCF28A921C}"
EndProject
Project("{FAE04EC0-301F-11D3-BF4B-00C04F79EFBC}") = "DB.SQL", "DB.SQL\DB.SQL.csproj", "{74408903-A8C6-4CA9-8D01-ACBAB9CBDFA3}"
EndProject
Project("{FAE04EC0-301F-11D3-BF4B-00C04F79EFBC}") = "BLL", "BLL\BLL.csproj", "{77C75E73-9E86-4202-9DD9-825929B4E67C}"
EndProject
Project("{FAE04EC0-301F-11D3-BF4B-00C04F79EFBC}") = "DB.Factory", "DB.Factory\DB.Factory.csproj", "{5D05C396-334B-4D58-808C-C9A61F4905D0}"
EndProject
Project("{FAE04EC0-301F-11D3-BF4B-00C04F79EFBC}") = "VehichleUnit", "VehichleUnit\VehichleUnit.csproj", "{321F80A1-130F-445A-BC91-5551F924ABC1}"
EndProject
Project("{FAE04EC0-301F-11D3-BF4B-00C04F79EFBC}") = "DDDClass", "DDDClass\DDDClass.csproj", "{FA4CC3E5-7F93-4A06-B83C-E53F3E99386A}"
EndProject
Project("{FAE04EC0-301F-11D3-BF4B-00C04F79EFBC}") = "CardUnit", "CardUnit\CardUnit.csproj", "{2853698F-84DF-4803-8209-2BB5577DAAF2}"
EndProject
Project("{FAE04EC0-301F-11D3-BF4B-00C04F79EFBC}") = "PARSER", "DB.XML\PARSER.csproj", "{24E68E52-E4F6-467A-83DD-CB0298819AD5}"
EndProject
Project("{FAE04EC0-301F-11D3-BF4B-00C04F79EFBC}") = "CRC32", "CRC32\CRC32.csproj", "{C249F3A2-E643-40CD-8003-D6BAC768C941}"
EndProject
Project("{FAE04EC0-301F-11D3-BF4B-00C04F79EFBC}") = "PLFUnit", "PLFUnit\PLFUnit.csproj", "{A788DF39-E8DD-48AD-A948-EEBBEA743AB1}"
EndProject
Project("{FAE04EC0-301F-11D3-BF4B-00C04F79EFBC}") = "TotalsClasses", "TotalsClasses\TotalsClasses.csproj", "{2A4F3B33-3CE2-4BED-BF9F-566D3F1CA160}"
EndProject
Project("{FAE04EC0-301F-11D3-BF4B-00C04F79EFBC}") = "FirebirdToMySQLConverter", "FirebirdToMySQLConverter\FirebirdToMySQLConverter.csproj", "{F83A50CA-2E3C-4EB3-8805-DE66DDD78374}"
EndProject
Global
	GlobalSection(SolutionConfigurationPlatforms) = preSolution
		Debug|Any CPU = Debug|Any CPU
		Release|Any CPU = Release|Any CPU
	EndGlobalSection
	GlobalSection(ProjectConfigurationPlatforms) = postSolution
		{E180D8E5-165B-4447-907E-D174D0713C69}.Debug|Any CPU.ActiveCfg = Debug|Any CPU
		{E180D8E5-165B-4447-907E-D174D0713C69}.Debug|Any CPU.Build.0 = Debug|Any CPU
		{E180D8E5-165B-4447-907E-D174D0713C69}.Release|Any CPU.ActiveCfg = Release|Any CPU
		{E180D8E5-165B-4447-907E-D174D0713C69}.Release|Any CPU.Build.0 = Release|Any CPU
		{D4B2040E-AC3D-4E9D-813F-36CCF28A921C}.Debug|Any CPU.ActiveCfg = Debug|Any CPU
		{D4B2040E-AC3D-4E9D-813F-36CCF28A921C}.Debug|Any CPU.Build.0 = Debug|Any CPU
		{D4B2040E-AC3D-4E9D-813F-36CCF28A921C}.Release|Any CPU.ActiveCfg = Release|Any CPU
		{D4B2040E-AC3D-4E9D-813F-36CCF28A921C}.Release|Any CPU.Build.0 = Release|Any CPU
		{74408903-A8C6-4CA9-8D01-ACBAB9CBDFA3}.Debug|Any CPU.ActiveCfg = Debug|Any CPU
		{74408903-A8C6-4CA9-8D01-ACBAB9CBDFA3}.Debug|Any CPU.Build.0 = Debug|Any CPU
		{74408903-A8C6-4CA9-8D01-ACBAB9CBDFA3}.Release|Any CPU.ActiveCfg = Release|Any CPU
		{74408903-A8C6-4CA9-8D01-ACBAB9CBDFA3}.Release|Any CPU.Build.0 = Release|Any CPU
		{77C75E73-9E86-4202-9DD9-825929B4E67C}.Debug|Any CPU.ActiveCfg = Debug|Any CPU
		{77C75E73-9E86-4202-9DD9-825929B4E67C}.Debug|Any CPU.Build.0 = Debug|Any CPU
		{77C75E73-9E86-4202-9DD9-825929B4E67C}.Release|Any CPU.ActiveCfg = Release|Any CPU
		{77C75E73-9E86-4202-9DD9-825929B4E67C}.Release|Any CPU.Build.0 = Release|Any CPU
		{5D05C396-334B-4D58-808C-C9A61F4905D0}.Debug|Any CPU.ActiveCfg = Debug|Any CPU
		{5D05C396-334B-4D58-808C-C9A61F4905D0}.Debug|Any CPU.Build.0 = Debug|Any CPU
		{5D05C396-334B-4D58-808C-C9A61F4905D0}.Release|Any CPU.ActiveCfg = Release|Any CPU
		{5D05C396-334B-4D58-808C-C9A61F4905D0}.Release|Any CPU.Build.0 = Release|Any CPU
		{321F80A1-130F-445A-BC91-5551F924ABC1}.Debug|Any CPU.ActiveCfg = Debug|Any CPU
		{321F80A1-130F-445A-BC91-5551F924ABC1}.Debug|Any CPU.Build.0 = Debug|Any CPU
		{321F80A1-130F-445A-BC91-5551F924ABC1}.Release|Any CPU.ActiveCfg = Release|Any CPU
		{321F80A1-130F-445A-BC91-5551F924ABC1}.Release|Any CPU.Build.0 = Release|Any CPU
		{FA4CC3E5-7F93-4A06-B83C-E53F3E99386A}.Debug|Any CPU.ActiveCfg = Debug|Any CPU
		{FA4CC3E5-7F93-4A06-B83C-E53F3E99386A}.Debug|Any CPU.Build.0 = Debug|Any CPU
		{FA4CC3E5-7F93-4A06-B83C-E53F3E99386A}.Release|Any CPU.ActiveCfg = Release|Any CPU
		{FA4CC3E5-7F93-4A06-B83C-E53F3E99386A}.Release|Any CPU.Build.0 = Release|Any CPU
		{2853698F-84DF-4803-8209-2BB5577DAAF2}.Debug|Any CPU.ActiveCfg = Debug|Any CPU
		{2853698F-84DF-4803-8209-2BB5577DAAF2}.Debug|Any CPU.Build.0 = Debug|Any CPU
		{2853698F-84DF-4803-8209-2BB5577DAAF2}.Release|Any CPU.ActiveCfg = Release|Any CPU
		{2853698F-84DF-4803-8209-2BB5577DAAF2}.Release|Any CPU.Build.0 = Release|Any CPU
		{24E68E52-E4F6-467A-83DD-CB0298819AD5}.Debug|Any CPU.ActiveCfg = Debug|Any CPU
		{24E68E52-E4F6-467A-83DD-CB0298819AD5}.Debug|Any CPU.Build.0 = Debug|Any CPU
		{24E68E52-E4F6-467A-83DD-CB0298819AD5}.Release|Any CPU.ActiveCfg = Release|Any CPU
		{24E68E52-E4F6-467A-83DD-CB0298819AD5}.Release|Any CPU.Build.0 = Release|Any CPU
		{C249F3A2-E643-40CD-8003-D6BAC768C941}.Debug|Any CPU.ActiveCfg = Debug|Any CPU
		{C249F3A2-E643-40CD-8003-D6BAC768C941}.Debug|Any CPU.Build.0 = Debug|Any CPU
		{C249F3A2-E643-40CD-8003-D6BAC768C941}.Release|Any CPU.ActiveCfg = Release|Any CPU
		{C249F3A2-E643-40CD-8003-D6BAC768C941}.Release|Any CPU.Build.0 = Release|Any CPU
		{A788DF39-E8DD-48AD-A948-EEBBEA743AB1}.Debug|Any CPU.ActiveCfg = Debug|Any CPU
		{A788DF39-E8DD-48AD-A948-EEBBEA743AB1}.Debug|Any CPU.Build.0 = Debug|Any CPU
		{A788DF39-E8DD-48AD-A948-EEBBEA743AB1}.Release|Any CPU.ActiveCfg = Release|Any CPU
		{A788DF39-E8DD-48AD-A948-EEBBEA743AB1}.Release|Any CPU.Build.0 = Release|Any CPU
		{2A4F3B33-3CE2-4BED-BF9F-566D3F1CA160}.Debug|Any CPU.ActiveCfg = Debug|Any CPU
		{2A4F3B33-3CE2-4BED-BF9F-566D3F1CA160}.Debug|Any CPU.Build.0 = Debug|Any CPU
		{2A4F3B33-3CE2-4BED-BF9F-566D3F1CA160}.Release|Any CPU.ActiveCfg = Release|Any CPU
		{2A4F3B33-3CE2-4BED-BF9F-566D3F1CA160}.Release|Any CPU.Build.0 = Release|Any CPU
		{F83A50CA-2E3C-4EB3-8805-DE66DDD78374}.Debug|Any CPU.ActiveCfg = Debug|Any CPU
		{F83A50CA-2E3C-4EB3-8805-DE66DDD78374}.Debug|Any CPU.Build.0 = Debug|Any CPU
		{F83A50CA-2E3C-4EB3-8805-DE66DDD78374}.Release|Any CPU.ActiveCfg = Release|Any CPU
		{F83A50CA-2E3C-4EB3-8805-DE66DDD78374}.Release|Any CPU.Build.0 = Release|Any CPU
	EndGlobalSection
	GlobalSection(SolutionProperties) = preSolution
		HideSolutionNode = FALSE
	EndGlobalSection
EndGlobal
